
Microsoft Visual Studio Solution File, Format Version 12.00
# Visual Studio Version 16
VisualStudioVersion = 16.0.29503.13
MinimumVisualStudioVersion = 10.0.40219.1
Project("{FAE04EC0-301F-11D3-BF4B-00C04F79EFBC}") = "githus-actions-console-framework-4-6-2", "githus-actions-console-framework-4-6-2\githus-actions-console-framework-4-6-2.csproj", "{59D6DB15-82A4-45E6-8B4C-216CC6968342}"
EndProject
Global
	GlobalSection(SolutionConfigurationPlatforms) = preSolution
		Debug|Any CPU = Debug|Any CPU
		Release|Any CPU = Release|Any CPU
	EndGlobalSection
	GlobalSection(ProjectConfigurationPlatforms) = postSolution
		{59D6DB15-82A4-45E6-8B4C-216CC6968342}.Debug|Any CPU.ActiveCfg = Debug|Any CPU
		{59D6DB15-82A4-45E6-8B4C-216CC6968342}.Debug|Any CPU.Build.0 = Debug|Any CPU
		{59D6DB15-82A4-45E6-8B4C-216CC6968342}.Release|Any CPU.ActiveCfg = Release|Any CPU
		{59D6DB15-82A4-45E6-8B4C-216CC6968342}.Release|Any CPU.Build.0 = Release|Any CPU
	EndGlobalSection
	GlobalSection(SolutionProperties) = preSolution
		HideSolutionNode = FALSE
	EndGlobalSection
	GlobalSection(ExtensibilityGlobals) = postSolution
		SolutionGuid = {88F2CC2D-F66F-4815-ACC3-6105DB1A8C6F}
	EndGlobalSection
EndGlobal
